// !$*UTF8*$!
{
	archiveVersion = 1;
	classes = {
	};
	objectVersion = 46;
	objects = {

/* Begin PBXBuildFile section */
		751047DD1A26326700C2CC71 /* cardView.m in Sources */ = {isa = PBXBuildFile; fileRef = 751047DC1A26326700C2CC71 /* cardView.m */; };
		751047E01A2633A700C2CC71 /* infoRow.m in Sources */ = {isa = PBXBuildFile; fileRef = 751047DF1A2633A700C2CC71 /* infoRow.m */; };
		753862171A24A8A700656A84 /* main.m in Sources */ = {isa = PBXBuildFile; fileRef = 753862161A24A8A700656A84 /* main.m */; };
		7538621A1A24A8A700656A84 /* AppDelegate.m in Sources */ = {isa = PBXBuildFile; fileRef = 753862191A24A8A700656A84 /* AppDelegate.m */; };
		7538621D1A24A8A700656A84 /* ViewController.m in Sources */ = {isa = PBXBuildFile; fileRef = 7538621C1A24A8A700656A84 /* ViewController.m */; };
		753862201A24A8A700656A84 /* Main.storyboard in Resources */ = {isa = PBXBuildFile; fileRef = 7538621E1A24A8A700656A84 /* Main.storyboard */; };
		753862221A24A8A700656A84 /* Images.xcassets in Resources */ = {isa = PBXBuildFile; fileRef = 753862211A24A8A700656A84 /* Images.xcassets */; };
		753862251A24A8A700656A84 /* LaunchScreen.xib in Resources */ = {isa = PBXBuildFile; fileRef = 753862231A24A8A700656A84 /* LaunchScreen.xib */; };
		753862311A24A8A700656A84 /* blickTests.m in Sources */ = {isa = PBXBuildFile; fileRef = 753862301A24A8A700656A84 /* blickTests.m */; };
		7538623C1A24AC9100656A84 /* AlbumViewController.m in Sources */ = {isa = PBXBuildFile; fileRef = 7538623B1A24AC9100656A84 /* AlbumViewController.m */; };
		75815BCE1A24DCEF00E0A446 /* CustomViewCell.m in Sources */ = {isa = PBXBuildFile; fileRef = 75815BCD1A24DCEF00E0A446 /* CustomViewCell.m */; };
		75815BD51A24E99900E0A446 /* snow1.jpeg in Resources */ = {isa = PBXBuildFile; fileRef = 75815BCF1A24E99900E0A446 /* snow1.jpeg */; };
		75815BD61A24E99900E0A446 /* snow2.jpeg in Resources */ = {isa = PBXBuildFile; fileRef = 75815BD01A24E99900E0A446 /* snow2.jpeg */; };
		75815BD71A24E99900E0A446 /* snow3.jpeg in Resources */ = {isa = PBXBuildFile; fileRef = 75815BD11A24E99900E0A446 /* snow3.jpeg */; };
		75815BD81A24E99900E0A446 /* snow4.jpeg in Resources */ = {isa = PBXBuildFile; fileRef = 75815BD21A24E99900E0A446 /* snow4.jpeg */; };
		75815BD91A24E99900E0A446 /* snow5.jpeg in Resources */ = {isa = PBXBuildFile; fileRef = 75815BD31A24E99900E0A446 /* snow5.jpeg */; };
		75815BDA1A24E99900E0A446 /* snow6.jpeg in Resources */ = {isa = PBXBuildFile; fileRef = 75815BD41A24E99900E0A446 /* snow6.jpeg */; };
		75815BE01A254D3A00E0A446 /* snekkja2.jpeg in Resources */ = {isa = PBXBuildFile; fileRef = 75815BDB1A254D3A00E0A446 /* snekkja2.jpeg */; };
		75815BE11A254D3A00E0A446 /* snekkja3.jpeg in Resources */ = {isa = PBXBuildFile; fileRef = 75815BDC1A254D3A00E0A446 /* snekkja3.jpeg */; };
		75815BE21A254D3A00E0A446 /* snekkja4.jpeg in Resources */ = {isa = PBXBuildFile; fileRef = 75815BDD1A254D3A00E0A446 /* snekkja4.jpeg */; };
		75815BE31A254D3A00E0A446 /* snekkja5.jpeg in Resources */ = {isa = PBXBuildFile; fileRef = 75815BDE1A254D3A00E0A446 /* snekkja5.jpeg */; };
		75815BE41A254D3A00E0A446 /* snjekkja1.jpeg in Resources */ = {isa = PBXBuildFile; fileRef = 75815BDF1A254D3A00E0A446 /* snjekkja1.jpeg */; };
/* End PBXBuildFile section */

/* Begin PBXContainerItemProxy section */
		7538622B1A24A8A700656A84 /* PBXContainerItemProxy */ = {
			isa = PBXContainerItemProxy;
			containerPortal = 753862091A24A8A700656A84 /* Project object */;
			proxyType = 1;
			remoteGlobalIDString = 753862101A24A8A700656A84;
			remoteInfo = blick;
		};
/* End PBXContainerItemProxy section */

/* Begin PBXFileReference section */
		0C7F721CA60FC98858EE5FE5 /* libPods-blick.a */ = {isa = PBXFileReference; explicitFileType = archive.ar; includeInIndex = 0; path = "libPods-blick.a"; sourceTree = BUILT_PRODUCTS_DIR; };
		751047DB1A26326700C2CC71 /* cardView.h */ = {isa = PBXFileReference; fileEncoding = 4; lastKnownFileType = sourcecode.c.h; path = cardView.h; sourceTree = "<group>"; };
		751047DC1A26326700C2CC71 /* cardView.m */ = {isa = PBXFileReference; fileEncoding = 4; lastKnownFileType = sourcecode.c.objc; path = cardView.m; sourceTree = "<group>"; };
		751047DE1A2633A700C2CC71 /* infoRow.h */ = {isa = PBXFileReference; fileEncoding = 4; lastKnownFileType = sourcecode.c.h; path = infoRow.h; sourceTree = "<group>"; };
		751047DF1A2633A700C2CC71 /* infoRow.m */ = {isa = PBXFileReference; fileEncoding = 4; lastKnownFileType = sourcecode.c.objc; path = infoRow.m; sourceTree = "<group>"; };
		753862111A24A8A700656A84 /* blick.app */ = {isa = PBXFileReference; explicitFileType = wrapper.application; includeInIndex = 0; path = blick.app; sourceTree = BUILT_PRODUCTS_DIR; };
		753862151A24A8A700656A84 /* Info.plist */ = {isa = PBXFileReference; lastKnownFileType = text.plist.xml; path = Info.plist; sourceTree = "<group>"; };
		753862161A24A8A700656A84 /* main.m */ = {isa = PBXFileReference; lastKnownFileType = sourcecode.c.objc; path = main.m; sourceTree = "<group>"; };
		753862181A24A8A700656A84 /* AppDelegate.h */ = {isa = PBXFileReference; lastKnownFileType = sourcecode.c.h; path = AppDelegate.h; sourceTree = "<group>"; };
		753862191A24A8A700656A84 /* AppDelegate.m */ = {isa = PBXFileReference; lastKnownFileType = sourcecode.c.objc; path = AppDelegate.m; sourceTree = "<group>"; };
		7538621B1A24A8A700656A84 /* ViewController.h */ = {isa = PBXFileReference; lastKnownFileType = sourcecode.c.h; path = ViewController.h; sourceTree = "<group>"; };
		7538621C1A24A8A700656A84 /* ViewController.m */ = {isa = PBXFileReference; lastKnownFileType = sourcecode.c.objc; path = ViewController.m; sourceTree = "<group>"; };
		7538621F1A24A8A700656A84 /* Base */ = {isa = PBXFileReference; lastKnownFileType = file.storyboard; name = Base; path = Base.lproj/Main.storyboard; sourceTree = "<group>"; };
		753862211A24A8A700656A84 /* Images.xcassets */ = {isa = PBXFileReference; lastKnownFileType = folder.assetcatalog; path = Images.xcassets; sourceTree = "<group>"; };
		753862241A24A8A700656A84 /* Base */ = {isa = PBXFileReference; lastKnownFileType = file.xib; name = Base; path = Base.lproj/LaunchScreen.xib; sourceTree = "<group>"; };
		7538622A1A24A8A700656A84 /* blickTests.xctest */ = {isa = PBXFileReference; explicitFileType = wrapper.cfbundle; includeInIndex = 0; path = blickTests.xctest; sourceTree = BUILT_PRODUCTS_DIR; };
		7538622F1A24A8A700656A84 /* Info.plist */ = {isa = PBXFileReference; lastKnownFileType = text.plist.xml; path = Info.plist; sourceTree = "<group>"; };
		753862301A24A8A700656A84 /* blickTests.m */ = {isa = PBXFileReference; lastKnownFileType = sourcecode.c.objc; path = blickTests.m; sourceTree = "<group>"; };
		7538623A1A24AC9100656A84 /* AlbumViewController.h */ = {isa = PBXFileReference; fileEncoding = 4; lastKnownFileType = sourcecode.c.h; path = AlbumViewController.h; sourceTree = "<group>"; };
		7538623B1A24AC9100656A84 /* AlbumViewController.m */ = {isa = PBXFileReference; fileEncoding = 4; lastKnownFileType = sourcecode.c.objc; path = AlbumViewController.m; sourceTree = "<group>"; };
		75815BCC1A24DCEF00E0A446 /* CustomViewCell.h */ = {isa = PBXFileReference; fileEncoding = 4; lastKnownFileType = sourcecode.c.h; path = CustomViewCell.h; sourceTree = "<group>"; };
		75815BCD1A24DCEF00E0A446 /* CustomViewCell.m */ = {isa = PBXFileReference; fileEncoding = 4; lastKnownFileType = sourcecode.c.objc; path = CustomViewCell.m; sourceTree = "<group>"; };
		75815BCF1A24E99900E0A446 /* snow1.jpeg */ = {isa = PBXFileReference; lastKnownFileType = image.jpeg; path = snow1.jpeg; sourceTree = "<group>"; };
		75815BD01A24E99900E0A446 /* snow2.jpeg */ = {isa = PBXFileReference; lastKnownFileType = image.jpeg; path = snow2.jpeg; sourceTree = "<group>"; };
		75815BD11A24E99900E0A446 /* snow3.jpeg */ = {isa = PBXFileReference; lastKnownFileType = image.jpeg; path = snow3.jpeg; sourceTree = "<group>"; };
		75815BD21A24E99900E0A446 /* snow4.jpeg */ = {isa = PBXFileReference; lastKnownFileType = image.jpeg; path = snow4.jpeg; sourceTree = "<group>"; };
		75815BD31A24E99900E0A446 /* snow5.jpeg */ = {isa = PBXFileReference; lastKnownFileType = image.jpeg; path = snow5.jpeg; sourceTree = "<group>"; };
		75815BD41A24E99900E0A446 /* snow6.jpeg */ = {isa = PBXFileReference; lastKnownFileType = image.jpeg; path = snow6.jpeg; sourceTree = "<group>"; };
		75815BDB1A254D3A00E0A446 /* snekkja2.jpeg */ = {isa = PBXFileReference; lastKnownFileType = image.jpeg; path = snekkja2.jpeg; sourceTree = "<group>"; };
		75815BDC1A254D3A00E0A446 /* snekkja3.jpeg */ = {isa = PBXFileReference; lastKnownFileType = image.jpeg; path = snekkja3.jpeg; sourceTree = "<group>"; };
		75815BDD1A254D3A00E0A446 /* snekkja4.jpeg */ = {isa = PBXFileReference; lastKnownFileType = image.jpeg; path = snekkja4.jpeg; sourceTree = "<group>"; };
		75815BDE1A254D3A00E0A446 /* snekkja5.jpeg */ = {isa = PBXFileReference; lastKnownFileType = image.jpeg; path = snekkja5.jpeg; sourceTree = "<group>"; };
		75815BDF1A254D3A00E0A446 /* snjekkja1.jpeg */ = {isa = PBXFileReference; lastKnownFileType = image.jpeg; path = snjekkja1.jpeg; sourceTree = "<group>"; };
		C47223A03F086F2BCFF33CFF /* Pods-blick.release.xcconfig */ = {isa = PBXFileReference; includeInIndex = 1; lastKnownFileType = text.xcconfig; name = "Pods-blick.release.xcconfig"; path = "Pods/Target Support Files/Pods-blick/Pods-blick.release.xcconfig"; sourceTree = "<group>"; };
		CE5CC9A3E579D431141AF5E4 /* Pods-blick.debug.xcconfig */ = {isa = PBXFileReference; includeInIndex = 1; lastKnownFileType = text.xcconfig; name = "Pods-blick.debug.xcconfig"; path = "Pods/Target Support Files/Pods-blick/Pods-blick.debug.xcconfig"; sourceTree = "<group>"; };
/* End PBXFileReference section */

/* Begin PBXFrameworksBuildPhase section */
		7538620E1A24A8A700656A84 /* Frameworks */ = {
			isa = PBXFrameworksBuildPhase;
			buildActionMask = 2147483647;
			files = (
			);
			runOnlyForDeploymentPostprocessing = 0;
		};
		753862271A24A8A700656A84 /* Frameworks */ = {
			isa = PBXFrameworksBuildPhase;
			buildActionMask = 2147483647;
			files = (
			);
			runOnlyForDeploymentPostprocessing = 0;
		};
/* End PBXFrameworksBuildPhase section */

/* Begin PBXGroup section */
		49BC024DB4945FE8F6B741A7 /* Pods */ = {
			isa = PBXGroup;
			children = (
				CE5CC9A3E579D431141AF5E4 /* Pods-blick.debug.xcconfig */,
				C47223A03F086F2BCFF33CFF /* Pods-blick.release.xcconfig */,
			);
			name = Pods;
			sourceTree = "<group>";
		};
		6A983A022191081BD1381838 /* Frameworks */ = {
			isa = PBXGroup;
			children = (
				0C7F721CA60FC98858EE5FE5 /* libPods-blick.a */,
			);
			name = Frameworks;
			sourceTree = "<group>";
		};
		753862081A24A8A700656A84 = {
			isa = PBXGroup;
			children = (
				753862131A24A8A700656A84 /* blick */,
				7538622D1A24A8A700656A84 /* blickTests */,
				753862121A24A8A700656A84 /* Products */,
				49BC024DB4945FE8F6B741A7 /* Pods */,
				6A983A022191081BD1381838 /* Frameworks */,
			);
			sourceTree = "<group>";
		};
		753862121A24A8A700656A84 /* Products */ = {
			isa = PBXGroup;
			children = (
				753862111A24A8A700656A84 /* blick.app */,
				7538622A1A24A8A700656A84 /* blickTests.xctest */,
			);
			name = Products;
			sourceTree = "<group>";
		};
		753862131A24A8A700656A84 /* blick */ = {
			isa = PBXGroup;
			children = (
				753862181A24A8A700656A84 /* AppDelegate.h */,
				753862191A24A8A700656A84 /* AppDelegate.m */,
				7538621B1A24A8A700656A84 /* ViewController.h */,
				7538621C1A24A8A700656A84 /* ViewController.m */,
				7538621E1A24A8A700656A84 /* Main.storyboard */,
				753862211A24A8A700656A84 /* Images.xcassets */,
				753862231A24A8A700656A84 /* LaunchScreen.xib */,
				753862141A24A8A700656A84 /* Supporting Files */,
				7538623A1A24AC9100656A84 /* AlbumViewController.h */,
				7538623B1A24AC9100656A84 /* AlbumViewController.m */,
				751047DB1A26326700C2CC71 /* cardView.h */,
				751047DC1A26326700C2CC71 /* cardView.m */,
				751047DE1A2633A700C2CC71 /* infoRow.h */,
				751047DF1A2633A700C2CC71 /* infoRow.m */,
				75815BCC1A24DCEF00E0A446 /* CustomViewCell.h */,
				75815BCD1A24DCEF00E0A446 /* CustomViewCell.m */,
			);
			path = blick;
			sourceTree = "<group>";
		};
		753862141A24A8A700656A84 /* Supporting Files */ = {
			isa = PBXGroup;
			children = (
				75815BDB1A254D3A00E0A446 /* snekkja2.jpeg */,
				75815BDC1A254D3A00E0A446 /* snekkja3.jpeg */,
				75815BDD1A254D3A00E0A446 /* snekkja4.jpeg */,
				75815BDE1A254D3A00E0A446 /* snekkja5.jpeg */,
				75815BDF1A254D3A00E0A446 /* snjekkja1.jpeg */,
				75815BCF1A24E99900E0A446 /* snow1.jpeg */,
				75815BD01A24E99900E0A446 /* snow2.jpeg */,
				75815BD11A24E99900E0A446 /* snow3.jpeg */,
				75815BD21A24E99900E0A446 /* snow4.jpeg */,
				75815BD31A24E99900E0A446 /* snow5.jpeg */,
				75815BD41A24E99900E0A446 /* snow6.jpeg */,
				753862151A24A8A700656A84 /* Info.plist */,
				753862161A24A8A700656A84 /* main.m */,
			);
			name = "Supporting Files";
			sourceTree = "<group>";
		};
		7538622D1A24A8A700656A84 /* blickTests */ = {
			isa = PBXGroup;
			children = (
				753862301A24A8A700656A84 /* blickTests.m */,
				7538622E1A24A8A700656A84 /* Supporting Files */,
			);
			path = blickTests;
			sourceTree = "<group>";
		};
		7538622E1A24A8A700656A84 /* Supporting Files */ = {
			isa = PBXGroup;
			children = (
				7538622F1A24A8A700656A84 /* Info.plist */,
			);
			name = "Supporting Files";
			sourceTree = "<group>";
		};
/* End PBXGroup section */

/* Begin PBXNativeTarget section */
		753862101A24A8A700656A84 /* blick */ = {
			isa = PBXNativeTarget;
			buildConfigurationList = 753862341A24A8A700656A84 /* Build configuration list for PBXNativeTarget "blick" */;
			buildPhases = (
				E3EF04B8CD124FF2B0FE25CD /* Check Pods Manifest.lock */,
				7538620D1A24A8A700656A84 /* Sources */,
				7538620E1A24A8A700656A84 /* Frameworks */,
				7538620F1A24A8A700656A84 /* Resources */,
				9089B559DAE931EDC92FEA8F /* Copy Pods Resources */,
			);
			buildRules = (
			);
			dependencies = (
			);
			name = blick;
			productName = blick;
			productReference = 753862111A24A8A700656A84 /* blick.app */;
			productType = "com.apple.product-type.application";
		};
		753862291A24A8A700656A84 /* blickTests */ = {
			isa = PBXNativeTarget;
			buildConfigurationList = 753862371A24A8A700656A84 /* Build configuration list for PBXNativeTarget "blickTests" */;
			buildPhases = (
				753862261A24A8A700656A84 /* Sources */,
				753862271A24A8A700656A84 /* Frameworks */,
				753862281A24A8A700656A84 /* Resources */,
			);
			buildRules = (
			);
			dependencies = (
				7538622C1A24A8A700656A84 /* PBXTargetDependency */,
			);
			name = blickTests;
			productName = blickTests;
			productReference = 7538622A1A24A8A700656A84 /* blickTests.xctest */;
			productType = "com.apple.product-type.bundle.unit-test";
		};
/* End PBXNativeTarget section */

/* Begin PBXProject section */
		753862091A24A8A700656A84 /* Project object */ = {
			isa = PBXProject;
			attributes = {
				LastUpgradeCheck = 0610;
				ORGANIZATIONNAME = danni;
				TargetAttributes = {
					753862101A24A8A700656A84 = {
						CreatedOnToolsVersion = 6.1;
					};
					753862291A24A8A700656A84 = {
						CreatedOnToolsVersion = 6.1;
						TestTargetID = 753862101A24A8A700656A84;
					};
				};
			};
			buildConfigurationList = 7538620C1A24A8A700656A84 /* Build configuration list for PBXProject "blick" */;
			compatibilityVersion = "Xcode 3.2";
			developmentRegion = English;
			hasScannedForEncodings = 0;
			knownRegions = (
				en,
				Base,
			);
			mainGroup = 753862081A24A8A700656A84;
			productRefGroup = 753862121A24A8A700656A84 /* Products */;
			projectDirPath = "";
			projectRoot = "";
			targets = (
				753862101A24A8A700656A84 /* blick */,
				753862291A24A8A700656A84 /* blickTests */,
			);
		};
/* End PBXProject section */

/* Begin PBXResourcesBuildPhase section */
		7538620F1A24A8A700656A84 /* Resources */ = {
			isa = PBXResourcesBuildPhase;
			buildActionMask = 2147483647;
			files = (
				75815BD71A24E99900E0A446 /* snow3.jpeg in Resources */,
				75815BD81A24E99900E0A446 /* snow4.jpeg in Resources */,
				75815BD91A24E99900E0A446 /* snow5.jpeg in Resources */,
				753862201A24A8A700656A84 /* Main.storyboard in Resources */,
				75815BE21A254D3A00E0A446 /* snekkja4.jpeg in Resources */,
				75815BE01A254D3A00E0A446 /* snekkja2.jpeg in Resources */,
				75815BE31A254D3A00E0A446 /* snekkja5.jpeg in Resources */,
				75815BD61A24E99900E0A446 /* snow2.jpeg in Resources */,
				753862251A24A8A700656A84 /* LaunchScreen.xib in Resources */,
				75815BE11A254D3A00E0A446 /* snekkja3.jpeg in Resources */,
				75815BDA1A24E99900E0A446 /* snow6.jpeg in Resources */,
				75815BD51A24E99900E0A446 /* snow1.jpeg in Resources */,
				75815BE41A254D3A00E0A446 /* snjekkja1.jpeg in Resources */,
				753862221A24A8A700656A84 /* Images.xcassets in Resources */,
			);
			runOnlyForDeploymentPostprocessing = 0;
		};
		753862281A24A8A700656A84 /* Resources */ = {
			isa = PBXResourcesBuildPhase;
			buildActionMask = 2147483647;
			files = (
			);
			runOnlyForDeploymentPostprocessing = 0;
		};
/* End PBXResourcesBuildPhase section */

/* Begin PBXShellScriptBuildPhase section */
		9089B559DAE931EDC92FEA8F /* Copy Pods Resources */ = {
			isa = PBXShellScriptBuildPhase;
			buildActionMask = 2147483647;
			files = (
			);
			inputPaths = (
			);
			name = "Copy Pods Resources";
			outputPaths = (
			);
			runOnlyForDeploymentPostprocessing = 0;
			shellPath = /bin/sh;
			shellScript = "\"${SRCROOT}/Pods/Target Support Files/Pods-blick/Pods-blick-resources.sh\"\n";
			showEnvVarsInLog = 0;
		};
		E3EF04B8CD124FF2B0FE25CD /* Check Pods Manifest.lock */ = {
			isa = PBXShellScriptBuildPhase;
			buildActionMask = 2147483647;
			files = (
			);
			inputPaths = (
			);
			name = "Check Pods Manifest.lock";
			outputPaths = (
			);
			runOnlyForDeploymentPostprocessing = 0;
			shellPath = /bin/sh;
			shellScript = "diff \"${PODS_ROOT}/../Podfile.lock\" \"${PODS_ROOT}/Manifest.lock\" > /dev/null\nif [[ $? != 0 ]] ; then\n    cat << EOM\nerror: The sandbox is not in sync with the Podfile.lock. Run 'pod install' or update your CocoaPods installation.\nEOM\n    exit 1\nfi\n";
			showEnvVarsInLog = 0;
		};
/* End PBXShellScriptBuildPhase section */

/* Begin PBXSourcesBuildPhase section */
		7538620D1A24A8A700656A84 /* Sources */ = {
			isa = PBXSourcesBuildPhase;
			buildActionMask = 2147483647;
			files = (
				75815BCE1A24DCEF00E0A446 /* CustomViewCell.m in Sources */,
				7538623C1A24AC9100656A84 /* AlbumViewController.m in Sources */,
				751047DD1A26326700C2CC71 /* cardView.m in Sources */,
				7538621D1A24A8A700656A84 /* ViewController.m in Sources */,
				7538621A1A24A8A700656A84 /* AppDelegate.m in Sources */,
				751047E01A2633A700C2CC71 /* infoRow.m in Sources */,
				753862171A24A8A700656A84 /* main.m in Sources */,
			);
			runOnlyForDeploymentPostprocessing = 0;
		};
		753862261A24A8A700656A84 /* Sources */ = {
			isa = PBXSourcesBuildPhase;
			buildActionMask = 2147483647;
			files = (
				753862311A24A8A700656A84 /* blickTests.m in Sources */,
			);
			runOnlyForDeploymentPostprocessing = 0;
		};
/* End PBXSourcesBuildPhase section */

/* Begin PBXTargetDependency section */
		7538622C1A24A8A700656A84 /* PBXTargetDependency */ = {
			isa = PBXTargetDependency;
			target = 753862101A24A8A700656A84 /* blick */;
			targetProxy = 7538622B1A24A8A700656A84 /* PBXContainerItemProxy */;
		};
/* End PBXTargetDependency section */

/* Begin PBXVariantGroup section */
		7538621E1A24A8A700656A84 /* Main.storyboard */ = {
			isa = PBXVariantGroup;
			children = (
				7538621F1A24A8A700656A84 /* Base */,
			);
			name = Main.storyboard;
			sourceTree = "<group>";
		};
		753862231A24A8A700656A84 /* LaunchScreen.xib */ = {
			isa = PBXVariantGroup;
			children = (
				753862241A24A8A700656A84 /* Base */,
			);
			name = LaunchScreen.xib;
			sourceTree = "<group>";
		};
/* End PBXVariantGroup section */

/* Begin XCBuildConfiguration section */
		753862321A24A8A700656A84 /* Debug */ = {
			isa = XCBuildConfiguration;
			buildSettings = {
				ALWAYS_SEARCH_USER_PATHS = NO;
				CLANG_CXX_LANGUAGE_STANDARD = "gnu++0x";
				CLANG_CXX_LIBRARY = "libc++";
				CLANG_ENABLE_MODULES = YES;
				CLANG_ENABLE_OBJC_ARC = YES;
				CLANG_WARN_BOOL_CONVERSION = YES;
				CLANG_WARN_CONSTANT_CONVERSION = YES;
				CLANG_WARN_DIRECT_OBJC_ISA_USAGE = YES_ERROR;
				CLANG_WARN_EMPTY_BODY = YES;
				CLANG_WARN_ENUM_CONVERSION = YES;
				CLANG_WARN_INT_CONVERSION = YES;
				CLANG_WARN_OBJC_ROOT_CLASS = YES_ERROR;
				CLANG_WARN_UNREACHABLE_CODE = YES;
				CLANG_WARN__DUPLICATE_METHOD_MATCH = YES;
				"CODE_SIGN_IDENTITY[sdk=iphoneos*]" = "iPhone Developer";
				COPY_PHASE_STRIP = NO;
				ENABLE_STRICT_OBJC_MSGSEND = YES;
				GCC_C_LANGUAGE_STANDARD = gnu99;
				GCC_DYNAMIC_NO_PIC = NO;
				GCC_OPTIMIZATION_LEVEL = 0;
				GCC_PREPROCESSOR_DEFINITIONS = (
					"DEBUG=1",
					"$(inherited)",
				);
				GCC_SYMBOLS_PRIVATE_EXTERN = NO;
				GCC_WARN_64_TO_32_BIT_CONVERSION = YES;
				GCC_WARN_ABOUT_RETURN_TYPE = YES_ERROR;
				GCC_WARN_UNDECLARED_SELECTOR = YES;
				GCC_WARN_UNINITIALIZED_AUTOS = YES_AGGRESSIVE;
				GCC_WARN_UNUSED_FUNCTION = YES;
				GCC_WARN_UNUSED_VARIABLE = YES;
				IPHONEOS_DEPLOYMENT_TARGET = 8.1;
				MTL_ENABLE_DEBUG_INFO = YES;
				ONLY_ACTIVE_ARCH = YES;
				SDKROOT = iphoneos;
			};
			name = Debug;
		};
		753862331A24A8A700656A84 /* Release */ = {
			isa = XCBuildConfiguration;
			buildSettings = {
				ALWAYS_SEARCH_USER_PATHS = NO;
				CLANG_CXX_LANGUAGE_STANDARD = "gnu++0x";
				CLANG_CXX_LIBRARY = "libc++";
				CLANG_ENABLE_MODULES = YES;
				CLANG_ENABLE_OBJC_ARC = YES;
				CLANG_WARN_BOOL_CONVERSION = YES;
				CLANG_WARN_CONSTANT_CONVERSION = YES;
				CLANG_WARN_DIRECT_OBJC_ISA_USAGE = YES_ERROR;
				CLANG_WARN_EMPTY_BODY = YES;
				CLANG_WARN_ENUM_CONVERSION = YES;
				CLANG_WARN_INT_CONVERSION = YES;
				CLANG_WARN_OBJC_ROOT_CLASS = YES_ERROR;
				CLANG_WARN_UNREACHABLE_CODE = YES;
				CLANG_WARN__DUPLICATE_METHOD_MATCH = YES;
				"CODE_SIGN_IDENTITY[sdk=iphoneos*]" = "iPhone Developer";
				COPY_PHASE_STRIP = YES;
				ENABLE_NS_ASSERTIONS = NO;
				ENABLE_STRICT_OBJC_MSGSEND = YES;
				GCC_C_LANGUAGE_STANDARD = gnu99;
				GCC_WARN_64_TO_32_BIT_CONVERSION = YES;
				GCC_WARN_ABOUT_RETURN_TYPE = YES_ERROR;
				GCC_WARN_UNDECLARED_SELECTOR = YES;
				GCC_WARN_UNINITIALIZED_AUTOS = YES_AGGRESSIVE;
				GCC_WARN_UNUSED_FUNCTION = YES;
				GCC_WARN_UNUSED_VARIABLE = YES;
				IPHONEOS_DEPLOYMENT_TARGET = 8.1;
				MTL_ENABLE_DEBUG_INFO = NO;
				SDKROOT = iphoneos;
				VALIDATE_PRODUCT = YES;
			};
			name = Release;
		};
		753862351A24A8A700656A84 /* Debug */ = {
			isa = XCBuildConfiguration;
			baseConfigurationReference = CE5CC9A3E579D431141AF5E4 /* Pods-blick.debug.xcconfig */;
			buildSettings = {
				ASSETCATALOG_COMPILER_APPICON_NAME = AppIcon;
				INFOPLIST_FILE = blick/Info.plist;
				LD_RUNPATH_SEARCH_PATHS = "$(inherited) @executable_path/Frameworks";
				PRODUCT_NAME = "$(TARGET_NAME)";
			};
			name = Debug;
		};
		753862361A24A8A700656A84 /* Release */ = {
			isa = XCBuildConfiguration;
			baseConfigurationReference = C47223A03F086F2BCFF33CFF /* Pods-blick.release.xcconfig */;
			buildSettings = {
				ASSETCATALOG_COMPILER_APPICON_NAME = AppIcon;
				INFOPLIST_FILE = blick/Info.plist;
				LD_RUNPATH_SEARCH_PATHS = "$(inherited) @executable_path/Frameworks";
				PRODUCT_NAME = "$(TARGET_NAME)";
			};
			name = Release;
		};
		753862381A24A8A700656A84 /* Debug */ = {
			isa = XCBuildConfiguration;
			buildSettings = {
				BUNDLE_LOADER = "$(TEST_HOST)";
				FRAMEWORK_SEARCH_PATHS = (
					"$(SDKROOT)/Developer/Library/Frameworks",
					"$(inherited)",
				);
				GCC_PREPROCESSOR_DEFINITIONS = (
					"DEBUG=1",
					"$(inherited)",
				);
				INFOPLIST_FILE = blickTests/Info.plist;
				LD_RUNPATH_SEARCH_PATHS = "$(inherited) @executable_path/Frameworks @loader_path/Frameworks";
				PRODUCT_NAME = "$(TARGET_NAME)";
				TEST_HOST = "$(BUILT_PRODUCTS_DIR)/blick.app/blick";
			};
			name = Debug;
		};
		753862391A24A8A700656A84 /* Release */ = {
			isa = XCBuildConfiguration;
			buildSettings = {
				BUNDLE_LOADER = "$(TEST_HOST)";
				FRAMEWORK_SEARCH_PATHS = (
					"$(SDKROOT)/Developer/Library/Frameworks",
					"$(inherited)",
				);
				INFOPLIST_FILE = blickTests/Info.plist;
				LD_RUNPATH_SEARCH_PATHS = "$(inherited) @executable_path/Frameworks @loader_path/Frameworks";
				PRODUCT_NAME = "$(TARGET_NAME)";
				TEST_HOST = "$(BUILT_PRODUCTS_DIR)/blick.app/blick";
			};
			name = Release;
		};
/* End XCBuildConfiguration section */

/* Begin XCConfigurationList section */
		7538620C1A24A8A700656A84 /* Build configuration list for PBXProject "blick" */ = {
			isa = XCConfigurationList;
			buildConfigurations = (
				753862321A24A8A700656A84 /* Debug */,
				753862331A24A8A700656A84 /* Release */,
			);
			defaultConfigurationIsVisible = 0;
			defaultConfigurationName = Release;
		};
		753862341A24A8A700656A84 /* Build configuration list for PBXNativeTarget "blick" */ = {
			isa = XCConfigurationList;
			buildConfigurations = (
				753862351A24A8A700656A84 /* Debug */,
				753862361A24A8A700656A84 /* Release */,
			);
			defaultConfigurationIsVisible = 0;
			defaultConfigurationName = Release;
		};
		753862371A24A8A700656A84 /* Build configuration list for PBXNativeTarget "blickTests" */ = {
			isa = XCConfigurationList;
			buildConfigurations = (
				753862381A24A8A700656A84 /* Debug */,
				753862391A24A8A700656A84 /* Release */,
			);
			defaultConfigurationIsVisible = 0;
			defaultConfigurationName = Release;
		};
/* End XCConfigurationList section */
	};
	rootObject = 753862091A24A8A700656A84 /* Project object */;
}
